<?xml version="1.0" encoding="utf-8"?>
<Project ToolsVersion="4.0" xmlns="http://schemas.microsoft.com/developer/msbuild/2003">
  <ItemGroup>
    <Filter Include="Sources">
      <UniqueIdentifier>{8b7ed093-66ce-4096-96d2-fbb9faa4bf52}</UniqueIdentifier>
    </Filter>
    <Filter Include="Sources\Modules">
      <UniqueIdentifier>{7b418be2-1631-4a31-9ef2-8a8b234a7339}</UniqueIdentifier>
    </Filter>
    <Filter Include="Sources\Containers">
      <UniqueIdentifier>{afc36133-f401-499a-aa33-0da1e500fb52}</UniqueIdentifier>
    </Filter>
    <Filter Include="Sources\Tools">
      <UniqueIdentifier>{7e4dfaf7-022c-4f7d-92aa-f3b3fa9d6248}</UniqueIdentifier>
    </Filter>
    <Filter Include="Sources\Modules\GUI">
      <UniqueIdentifier>{2804fc15-318c-4bb5-b24b-04ced8a2e9bb}</UniqueIdentifier>
    </Filter>
    <Filter Include="Sources\Modules\GUI\Panels">
      <UniqueIdentifier>{f5039f51-ab35-4471-afab-8fe10ee08b32}</UniqueIdentifier>
    </Filter>
    <Filter Include="Sources\GameObject">
      <UniqueIdentifier>{a47b2938-18eb-463a-9d8d-cb59f049fd32}</UniqueIdentifier>
    </Filter>
    <Filter Include="Sources\GameObject\Components">
      <UniqueIdentifier>{18f9b4af-666d-46e4-92d0-a13cd06eba8c}</UniqueIdentifier>
    </Filter>
    <Filter Include="Sources\Importers">
      <UniqueIdentifier>{c48d8451-e143-4233-ab9f-1f21dc7accb6}</UniqueIdentifier>
    </Filter>
    <Filter Include="Sources\Tools\Helpers">
      <UniqueIdentifier>{121f8e6b-df36-4ab0-be0d-601ddfc9e503}</UniqueIdentifier>
    </Filter>
    <Filter Include="Sources\Libraries">
      <UniqueIdentifier>{9b5c0995-1e22-4069-9693-7541081788ac}</UniqueIdentifier>
    </Filter>
    <Filter Include="Sources\Libraries\glew">
      <UniqueIdentifier>{b193d212-d193-4da8-998d-92652f53db3f}</UniqueIdentifier>
    </Filter>
    <Filter Include="Sources\Libraries\ImGui">
      <UniqueIdentifier>{ee88f8d1-350f-473c-bb33-cf5b261841bc}</UniqueIdentifier>
    </Filter>
    <Filter Include="Sources\Libraries\MathGeoLib">
      <UniqueIdentifier>{68288c1f-d654-483b-86e5-e6fa78ddadb5}</UniqueIdentifier>
    </Filter>
    <Filter Include="Sources\Libraries\MathGeoLib\Geometry">
      <UniqueIdentifier>{be714b87-bd66-4864-b58e-6c68a4d9d4c3}</UniqueIdentifier>
    </Filter>
    <Filter Include="Sources\Libraries\MathGeoLib\Math">
      <UniqueIdentifier>{2a0ce16f-5763-4c18-a09d-bdf938fad710}</UniqueIdentifier>
    </Filter>
    <Filter Include="Sources\Libraries\MathGeoLib\Algorithm">
      <UniqueIdentifier>{ce3ae3c1-fbfd-4fb0-b583-1c7cc246a345}</UniqueIdentifier>
    </Filter>
    <Filter Include="Sources\Libraries\MathGeoLib\Time">
      <UniqueIdentifier>{d8c48ee8-2b4f-4419-b2c3-0e525a559041}</UniqueIdentifier>
    </Filter>
    <Filter Include="Sources\Libraries\PCG">
      <UniqueIdentifier>{d8e7dd81-f92c-4421-a840-48a3b2c64d81}</UniqueIdentifier>
    </Filter>
    <Filter Include="Sources\Libraries\mmgr">
      <UniqueIdentifier>{424182d2-2cfc-48c9-b11d-607288196698}</UniqueIdentifier>
    </Filter>
    <Filter Include="Sources\Libraries\JSON">
      <UniqueIdentifier>{490384ac-0eb0-4461-abf3-d5fc072dc45a}</UniqueIdentifier>
    </Filter>
    <Filter Include="Sources\Modules\Resources">
      <UniqueIdentifier>{f6c7500b-446c-406a-99b3-90fdcbd7baed}</UniqueIdentifier>
    </Filter>
  </ItemGroup>
  <ItemGroup>
    <ClInclude Include="resource.h" />
    <ClInclude Include="Source Code\ComponentMesh.h">
      <Filter>Sources\GameObject\Components</Filter>
    </ClInclude>
    <ClInclude Include="Source Code\ComponentTexture.h">
      <Filter>Sources\GameObject\Components</Filter>
    </ClInclude>
    <ClInclude Include="Source Code\ComponentTransform.h">
      <Filter>Sources\GameObject\Components</Filter>
    </ClInclude>
    <ClInclude Include="Source Code\Component.h">
      <Filter>Sources\GameObject</Filter>
    </ClInclude>
    <ClInclude Include="Source Code\GameObject.h">
      <Filter>Sources\GameObject</Filter>
    </ClInclude>
    <ClInclude Include="Source Code\ModuleCamera3D.h">
      <Filter>Sources\Modules</Filter>
    </ClInclude>
    <ClInclude Include="Source Code\ModuleFileSystem.h">
      <Filter>Sources\Modules</Filter>
    </ClInclude>
    <ClInclude Include="Source Code\ModuleInput.h">
      <Filter>Sources\Modules</Filter>
    </ClInclude>
    <ClInclude Include="Source Code\ModuleRenderer3D.h">
      <Filter>Sources\Modules</Filter>
    </ClInclude>
    <ClInclude Include="Source Code\ModuleSceneIntro.h">
      <Filter>Sources\Modules</Filter>
    </ClInclude>
    <ClInclude Include="Source Code\ModuleWindow.h">
      <Filter>Sources\Modules</Filter>
    </ClInclude>
    <ClInclude Include="Source Code\Module.h">
      <Filter>Sources\Modules</Filter>
    </ClInclude>
    <ClInclude Include="Source Code\ModuleGui.h">
      <Filter>Sources\Modules\GUI</Filter>
    </ClInclude>
    <ClInclude Include="Source Code\PanelAbout.h">
      <Filter>Sources\Modules\GUI\Panels</Filter>
    </ClInclude>
    <ClInclude Include="Source Code\PanelConfiguration.h">
      <Filter>Sources\Modules\GUI\Panels</Filter>
    </ClInclude>
    <ClInclude Include="Source Code\PanelConsole.h">
      <Filter>Sources\Modules\GUI\Panels</Filter>
    </ClInclude>
    <ClInclude Include="Source Code\PanelHierarchy.h">
      <Filter>Sources\Modules\GUI\Panels</Filter>
    </ClInclude>
    <ClInclude Include="Source Code\PanelInspector.h">
      <Filter>Sources\Modules\GUI\Panels</Filter>
    </ClInclude>
    <ClInclude Include="Source Code\PanelManager.h">
      <Filter>Sources\Modules\GUI</Filter>
    </ClInclude>
    <ClInclude Include="Source Code\TextureImporter.h">
      <Filter>Sources\Importers</Filter>
    </ClInclude>
    <ClInclude Include="Source Code\MeshImporter.h">
      <Filter>Sources\Importers</Filter>
    </ClInclude>
    <ClInclude Include="Source Code\Libraries\imgui-1.78\imconfig.h">
      <Filter>Sources\Libraries\ImGui</Filter>
    </ClInclude>
    <ClInclude Include="Source Code\Libraries\imgui-1.78\imgui.h">
      <Filter>Sources\Libraries\ImGui</Filter>
    </ClInclude>
    <ClInclude Include="Source Code\Libraries\imgui-1.78\imgui_impl_opengl2.h">
      <Filter>Sources\Libraries\ImGui</Filter>
    </ClInclude>
    <ClInclude Include="Source Code\Libraries\imgui-1.78\imgui_impl_opengl3.h">
      <Filter>Sources\Libraries\ImGui</Filter>
    </ClInclude>
    <ClInclude Include="Source Code\Libraries\imgui-1.78\imgui_impl_sdl.h">
      <Filter>Sources\Libraries\ImGui</Filter>
    </ClInclude>
    <ClInclude Include="Source Code\Libraries\imgui-1.78\imgui_internal.h">
      <Filter>Sources\Libraries\ImGui</Filter>
    </ClInclude>
    <ClInclude Include="Source Code\Libraries\imgui-1.78\imstb_rectpack.h">
      <Filter>Sources\Libraries\ImGui</Filter>
    </ClInclude>
    <ClInclude Include="Source Code\Libraries\imgui-1.78\imstb_textedit.h">
      <Filter>Sources\Libraries\ImGui</Filter>
    </ClInclude>
    <ClInclude Include="Source Code\Libraries\imgui-1.78\imstb_truetype.h">
      <Filter>Sources\Libraries\ImGui</Filter>
    </ClInclude>
    <ClInclude Include="Source Code\Libraries\glew\include\GL\glew.h">
      <Filter>Sources\Libraries\glew</Filter>
    </ClInclude>
    <ClInclude Include="Source Code\Light.h">
      <Filter>Sources\Tools\Helpers</Filter>
    </ClInclude>
    <ClInclude Include="Source Code\Primitive.h">
      <Filter>Sources\Tools\Helpers</Filter>
    </ClInclude>
    <ClInclude Include="Source Code\Math.h">
      <Filter>Sources\Tools</Filter>
    </ClInclude>
    <ClInclude Include="Source Code\PathNode.h">
      <Filter>Sources\Tools</Filter>
    </ClInclude>
    <ClInclude Include="Source Code\Timer.h">
      <Filter>Sources\Tools</Filter>
    </ClInclude>
    <ClInclude Include="Source Code\Globals.h">
      <Filter>Sources</Filter>
    </ClInclude>
    <ClInclude Include="Source Code\Application.h">
      <Filter>Sources</Filter>
    </ClInclude>
    <ClInclude Include="Source Code\Libraries\pcg-c-0.94\extras\entropy.h">
      <Filter>Sources\Libraries\PCG</Filter>
    </ClInclude>
    <ClInclude Include="Source Code\Libraries\pcg-c-0.94\include\pcg_variants.h">
      <Filter>Sources\Libraries\PCG</Filter>
    </ClInclude>
    <ClInclude Include="Source Code\Libraries\pcg-c-0.94\extras\pcg_spinlock.h">
      <Filter>Sources\Libraries\PCG</Filter>
    </ClInclude>
    <ClInclude Include="Source Code\Libraries\MathGeoLib\include\MathBuildConfig.h">
      <Filter>Sources\Libraries\MathGeoLib</Filter>
    </ClInclude>
    <ClInclude Include="Source Code\Libraries\MathGeoLib\include\MathGeoLib.h">
      <Filter>Sources\Libraries\MathGeoLib</Filter>
    </ClInclude>
    <ClInclude Include="Source Code\Libraries\MathGeoLib\include\MathGeoLibFwd.h">
      <Filter>Sources\Libraries\MathGeoLib</Filter>
    </ClInclude>
    <ClInclude Include="Source Code\glmath.h">
      <Filter>Sources\Containers</Filter>
    </ClInclude>
    <ClInclude Include="Source Code\Color.h">
      <Filter>Sources\Containers</Filter>
    </ClInclude>
    <ClInclude Include="Source Code\Libraries\MathGeoLib\include\Algorithm\Random\LCG.h">
      <Filter>Sources\Libraries\MathGeoLib\Algorithm</Filter>
    </ClInclude>
    <ClInclude Include="Source Code\Libraries\MathGeoLib\include\Time\Clock.h">
      <Filter>Sources\Libraries\MathGeoLib\Time</Filter>
    </ClInclude>
    <ClInclude Include="Source Code\Libraries\MathGeoLib\include\Geometry\AABB.h">
      <Filter>Sources\Libraries\MathGeoLib\Geometry</Filter>
    </ClInclude>
    <ClInclude Include="Source Code\Libraries\MathGeoLib\include\Geometry\AABB2D.h">
      <Filter>Sources\Libraries\MathGeoLib\Geometry</Filter>
    </ClInclude>
    <ClInclude Include="Source Code\Libraries\MathGeoLib\include\Geometry\Capsule.h">
      <Filter>Sources\Libraries\MathGeoLib\Geometry</Filter>
    </ClInclude>
    <ClInclude Include="Source Code\Libraries\MathGeoLib\include\Geometry\Circle.h">
      <Filter>Sources\Libraries\MathGeoLib\Geometry</Filter>
    </ClInclude>
    <ClInclude Include="Source Code\Libraries\MathGeoLib\include\Geometry\Frustum.h">
      <Filter>Sources\Libraries\MathGeoLib\Geometry</Filter>
    </ClInclude>
    <ClInclude Include="Source Code\Libraries\MathGeoLib\include\Geometry\GeometryAll.h">
      <Filter>Sources\Libraries\MathGeoLib\Geometry</Filter>
    </ClInclude>
    <ClInclude Include="Source Code\Libraries\MathGeoLib\include\Geometry\GeomType.h">
      <Filter>Sources\Libraries\MathGeoLib\Geometry</Filter>
    </ClInclude>
    <ClInclude Include="Source Code\Libraries\MathGeoLib\include\Geometry\HitInfo.h">
      <Filter>Sources\Libraries\MathGeoLib\Geometry</Filter>
    </ClInclude>
    <ClInclude Include="Source Code\Libraries\MathGeoLib\include\Geometry\KDTree.h">
      <Filter>Sources\Libraries\MathGeoLib\Geometry</Filter>
    </ClInclude>
    <ClInclude Include="Source Code\Libraries\MathGeoLib\include\Geometry\Line.h">
      <Filter>Sources\Libraries\MathGeoLib\Geometry</Filter>
    </ClInclude>
    <ClInclude Include="Source Code\Libraries\MathGeoLib\include\Geometry\LineSegment.h">
      <Filter>Sources\Libraries\MathGeoLib\Geometry</Filter>
    </ClInclude>
    <ClInclude Include="Source Code\Libraries\MathGeoLib\include\Geometry\OBB.h">
      <Filter>Sources\Libraries\MathGeoLib\Geometry</Filter>
    </ClInclude>
    <ClInclude Include="Source Code\Libraries\MathGeoLib\include\Geometry\PBVolume.h">
      <Filter>Sources\Libraries\MathGeoLib\Geometry</Filter>
    </ClInclude>
    <ClInclude Include="Source Code\Libraries\MathGeoLib\include\Geometry\Plane.h">
      <Filter>Sources\Libraries\MathGeoLib\Geometry</Filter>
    </ClInclude>
    <ClInclude Include="Source Code\Libraries\MathGeoLib\include\Geometry\Polygon.h">
      <Filter>Sources\Libraries\MathGeoLib\Geometry</Filter>
    </ClInclude>
    <ClInclude Include="Source Code\Libraries\MathGeoLib\include\Geometry\Polyhedron.h">
      <Filter>Sources\Libraries\MathGeoLib\Geometry</Filter>
    </ClInclude>
    <ClInclude Include="Source Code\Libraries\MathGeoLib\include\Geometry\QuadTree.h">
      <Filter>Sources\Libraries\MathGeoLib\Geometry</Filter>
    </ClInclude>
    <ClInclude Include="Source Code\Libraries\MathGeoLib\include\Geometry\Ray.h">
      <Filter>Sources\Libraries\MathGeoLib\Geometry</Filter>
    </ClInclude>
    <ClInclude Include="Source Code\Libraries\MathGeoLib\include\Geometry\Sphere.h">
      <Filter>Sources\Libraries\MathGeoLib\Geometry</Filter>
    </ClInclude>
    <ClInclude Include="Source Code\Libraries\MathGeoLib\include\Geometry\Triangle.h">
      <Filter>Sources\Libraries\MathGeoLib\Geometry</Filter>
    </ClInclude>
    <ClInclude Include="Source Code\Libraries\MathGeoLib\include\Geometry\TriangleMesh.h">
      <Filter>Sources\Libraries\MathGeoLib\Geometry</Filter>
    </ClInclude>
    <ClInclude Include="Source Code\Libraries\MathGeoLib\include\Math\assume.h">
      <Filter>Sources\Libraries\MathGeoLib\Math</Filter>
    </ClInclude>
    <ClInclude Include="Source Code\Libraries\MathGeoLib\include\Math\BitOps.h">
      <Filter>Sources\Libraries\MathGeoLib\Math</Filter>
    </ClInclude>
    <ClInclude Include="Source Code\Libraries\MathGeoLib\include\Math\Complex.h">
      <Filter>Sources\Libraries\MathGeoLib\Math</Filter>
    </ClInclude>
    <ClInclude Include="Source Code\Libraries\MathGeoLib\include\Math\CoordinateAxisConvention.h">
      <Filter>Sources\Libraries\MathGeoLib\Math</Filter>
    </ClInclude>
    <ClInclude Include="Source Code\Libraries\MathGeoLib\include\Math\FixedPoint.h">
      <Filter>Sources\Libraries\MathGeoLib\Math</Filter>
    </ClInclude>
    <ClInclude Include="Source Code\Libraries\MathGeoLib\include\Math\float2.h">
      <Filter>Sources\Libraries\MathGeoLib\Math</Filter>
    </ClInclude>
    <ClInclude Include="Source Code\Libraries\MathGeoLib\include\Math\float3.h">
      <Filter>Sources\Libraries\MathGeoLib\Math</Filter>
    </ClInclude>
    <ClInclude Include="Source Code\Libraries\MathGeoLib\include\Math\float3x3.h">
      <Filter>Sources\Libraries\MathGeoLib\Math</Filter>
    </ClInclude>
    <ClInclude Include="Source Code\Libraries\MathGeoLib\include\Math\float3x4.h">
      <Filter>Sources\Libraries\MathGeoLib\Math</Filter>
    </ClInclude>
    <ClInclude Include="Source Code\Libraries\MathGeoLib\include\Math\float4.h">
      <Filter>Sources\Libraries\MathGeoLib\Math</Filter>
    </ClInclude>
    <ClInclude Include="Source Code\Libraries\MathGeoLib\include\Math\float4_neon.h">
      <Filter>Sources\Libraries\MathGeoLib\Math</Filter>
    </ClInclude>
    <ClInclude Include="Source Code\Libraries\MathGeoLib\include\Math\float4_sse.h">
      <Filter>Sources\Libraries\MathGeoLib\Math</Filter>
    </ClInclude>
    <ClInclude Include="Source Code\Libraries\MathGeoLib\include\Math\float4x4.h">
      <Filter>Sources\Libraries\MathGeoLib\Math</Filter>
    </ClInclude>
    <ClInclude Include="Source Code\Libraries\MathGeoLib\include\Math\float4x4_neon.h">
      <Filter>Sources\Libraries\MathGeoLib\Math</Filter>
    </ClInclude>
    <ClInclude Include="Source Code\Libraries\MathGeoLib\include\Math\float4x4_sse.h">
      <Filter>Sources\Libraries\MathGeoLib\Math</Filter>
    </ClInclude>
    <ClInclude Include="Source Code\Libraries\MathGeoLib\include\Math\FloatCmp.h">
      <Filter>Sources\Libraries\MathGeoLib\Math</Filter>
    </ClInclude>
    <ClInclude Include="Source Code\Libraries\MathGeoLib\include\Math\MathAll.h">
      <Filter>Sources\Libraries\MathGeoLib\Math</Filter>
    </ClInclude>
    <ClInclude Include="Source Code\Libraries\MathGeoLib\include\Math\MathConstants.h">
      <Filter>Sources\Libraries\MathGeoLib\Math</Filter>
    </ClInclude>
    <ClInclude Include="Source Code\Libraries\MathGeoLib\include\Math\MathFunc.h">
      <Filter>Sources\Libraries\MathGeoLib\Math</Filter>
    </ClInclude>
    <ClInclude Include="Source Code\Libraries\MathGeoLib\include\Math\MathLog.h">
      <Filter>Sources\Libraries\MathGeoLib\Math</Filter>
    </ClInclude>
    <ClInclude Include="Source Code\Libraries\MathGeoLib\include\Math\MathNamespace.h">
      <Filter>Sources\Libraries\MathGeoLib\Math</Filter>
    </ClInclude>
    <ClInclude Include="Source Code\Libraries\MathGeoLib\include\Math\MathTypes.h">
      <Filter>Sources\Libraries\MathGeoLib\Math</Filter>
    </ClInclude>
    <ClInclude Include="Source Code\Libraries\MathGeoLib\include\Math\MatrixProxy.h">
      <Filter>Sources\Libraries\MathGeoLib\Math</Filter>
    </ClInclude>
    <ClInclude Include="Source Code\Libraries\MathGeoLib\include\Math\myassert.h">
      <Filter>Sources\Libraries\MathGeoLib\Math</Filter>
    </ClInclude>
    <ClInclude Include="Source Code\Libraries\MathGeoLib\include\Math\Polynomial.h">
      <Filter>Sources\Libraries\MathGeoLib\Math</Filter>
    </ClInclude>
    <ClInclude Include="Source Code\Libraries\MathGeoLib\include\Math\Quat.h">
      <Filter>Sources\Libraries\MathGeoLib\Math</Filter>
    </ClInclude>
    <ClInclude Include="Source Code\Libraries\MathGeoLib\include\Math\quat_simd.h">
      <Filter>Sources\Libraries\MathGeoLib\Math</Filter>
    </ClInclude>
    <ClInclude Include="Source Code\Libraries\MathGeoLib\include\Math\Rect.h">
      <Filter>Sources\Libraries\MathGeoLib\Math</Filter>
    </ClInclude>
    <ClInclude Include="Source Code\Libraries\MathGeoLib\include\Math\Reinterpret.h">
      <Filter>Sources\Libraries\MathGeoLib\Math</Filter>
    </ClInclude>
    <ClInclude Include="Source Code\Libraries\MathGeoLib\include\Math\sse_mathfun.h">
      <Filter>Sources\Libraries\MathGeoLib\Math</Filter>
    </ClInclude>
    <ClInclude Include="Source Code\Libraries\MathGeoLib\include\Math\SSEMath.h">
      <Filter>Sources\Libraries\MathGeoLib\Math</Filter>
    </ClInclude>
    <ClInclude Include="Source Code\Libraries\MathGeoLib\include\Math\TransformOps.h">
      <Filter>Sources\Libraries\MathGeoLib\Math</Filter>
    </ClInclude>
    <ClInclude Include="Source Code\Libraries\mmgr\mmgr.h">
      <Filter>Sources\Libraries\mmgr</Filter>
    </ClInclude>
    <ClInclude Include="Source Code\Libraries\mmgr\nommgr.h">
      <Filter>Sources\Libraries\mmgr</Filter>
    </ClInclude>
    <ClInclude Include="Source Code\ComponentCamera.h">
      <Filter>Sources\GameObject\Components</Filter>
    </ClInclude>
    <ClInclude Include="Source Code\Libraries\JSON\json.hpp">
      <Filter>Sources\Libraries\JSON</Filter>
    </ClInclude>
    <ClInclude Include="Source Code\JsonImporter.h">
      <Filter>Sources\Importers</Filter>
    </ClInclude>
    <ClInclude Include="Source Code\ModuleTime.h">
      <Filter>Sources\Modules</Filter>
    </ClInclude>
    <ClInclude Include="Source Code\Libraries\imgui-1.78\ImGuizmo.h">
      <Filter>Sources\Libraries\ImGui</Filter>
    </ClInclude>
    <ClInclude Include="Source Code\PanelResources.h">
      <Filter>Sources\Modules\GUI\Panels</Filter>
    </ClInclude>
    <ClInclude Include="Source Code\PanelState.h">
      <Filter>Sources\Modules\GUI\Panels</Filter>
    </ClInclude>
    <ClInclude Include="Source Code\Viewport.h">
      <Filter>Sources\Modules\GUI</Filter>
    </ClInclude>
    <ClInclude Include="Source Code\PanelGame.h">
      <Filter>Sources\Modules\GUI\Panels</Filter>
    </ClInclude>
    <ClInclude Include="Source Code\PanelScene.h">
      <Filter>Sources\Modules\GUI\Panels</Filter>
    </ClInclude>
    <ClInclude Include="Source Code\Resource.h">
      <Filter>Sources\Modules\Resources</Filter>
    </ClInclude>
    <ClInclude Include="Source Code\ModuleResources.h">
      <Filter>Sources\Modules\Resources</Filter>
    </ClInclude>
    <ClInclude Include="Source Code\ResourceMesh.h">
      <Filter>Sources\Modules\Resources</Filter>
    </ClInclude>
    <ClInclude Include="Source Code\ResourceModel.h">
      <Filter>Sources\Modules\Resources</Filter>
    </ClInclude>
    <ClInclude Include="Source Code\ResourceTexture.h">
      <Filter>Sources\Modules\Resources</Filter>
    </ClInclude>
    <ClInclude Include="Source Code\PanelCameraPreview.h">
      <Filter>Sources\Modules\GUI\Panels</Filter>
    </ClInclude>
  </ItemGroup>
  <ItemGroup>
    <ClCompile Include="Source Code\ComponentMesh.cpp">
      <Filter>Sources\GameObject\Components</Filter>
    </ClCompile>
    <ClCompile Include="Source Code\ComponentTexture.cpp">
      <Filter>Sources\GameObject\Components</Filter>
    </ClCompile>
    <ClCompile Include="Source Code\ComponentTransform.cpp">
      <Filter>Sources\GameObject\Components</Filter>
    </ClCompile>
    <ClCompile Include="Source Code\Component.cpp">
      <Filter>Sources\GameObject</Filter>
    </ClCompile>
    <ClCompile Include="Source Code\GameObject.cpp">
      <Filter>Sources\GameObject</Filter>
    </ClCompile>
    <ClCompile Include="Source Code\ModuleCamera3D.cpp">
      <Filter>Sources\Modules</Filter>
    </ClCompile>
    <ClCompile Include="Source Code\ModuleFileSystem.cpp">
      <Filter>Sources\Modules</Filter>
    </ClCompile>
    <ClCompile Include="Source Code\ModuleInput.cpp">
      <Filter>Sources\Modules</Filter>
    </ClCompile>
    <ClCompile Include="Source Code\ModuleRenderer3D.cpp">
      <Filter>Sources\Modules</Filter>
    </ClCompile>
    <ClCompile Include="Source Code\ModuleSceneIntro.cpp">
      <Filter>Sources\Modules</Filter>
    </ClCompile>
    <ClCompile Include="Source Code\ModuleWindow.cpp">
      <Filter>Sources\Modules</Filter>
    </ClCompile>
    <ClCompile Include="Source Code\ModuleGui.cpp">
      <Filter>Sources\Modules\GUI</Filter>
    </ClCompile>
    <ClCompile Include="Source Code\PanelAbout.cpp">
      <Filter>Sources\Modules\GUI\Panels</Filter>
    </ClCompile>
    <ClCompile Include="Source Code\PanelConfiguration.cpp">
      <Filter>Sources\Modules\GUI\Panels</Filter>
    </ClCompile>
    <ClCompile Include="Source Code\PanelConsole.cpp">
      <Filter>Sources\Modules\GUI\Panels</Filter>
    </ClCompile>
    <ClCompile Include="Source Code\PanelHierarchy.cpp">
      <Filter>Sources\Modules\GUI\Panels</Filter>
    </ClCompile>
    <ClCompile Include="Source Code\PanelInspector.cpp">
      <Filter>Sources\Modules\GUI\Panels</Filter>
    </ClCompile>
    <ClCompile Include="Source Code\TextureImporter.cpp">
      <Filter>Sources\Importers</Filter>
    </ClCompile>
    <ClCompile Include="Source Code\MeshImporter.cpp">
      <Filter>Sources\Importers</Filter>
    </ClCompile>
    <ClCompile Include="Source Code\Libraries\imgui-1.78\imgui.cpp">
      <Filter>Sources\Libraries\ImGui</Filter>
    </ClCompile>
    <ClCompile Include="Source Code\Libraries\imgui-1.78\imgui_demo.cpp">
      <Filter>Sources\Libraries\ImGui</Filter>
    </ClCompile>
    <ClCompile Include="Source Code\Libraries\imgui-1.78\imgui_draw.cpp">
      <Filter>Sources\Libraries\ImGui</Filter>
    </ClCompile>
    <ClCompile Include="Source Code\Libraries\imgui-1.78\imgui_impl_opengl2.cpp">
      <Filter>Sources\Libraries\ImGui</Filter>
    </ClCompile>
    <ClCompile Include="Source Code\Libraries\imgui-1.78\imgui_impl_opengl3.cpp">
      <Filter>Sources\Libraries\ImGui</Filter>
    </ClCompile>
    <ClCompile Include="Source Code\Libraries\imgui-1.78\imgui_impl_sdl.cpp">
      <Filter>Sources\Libraries\ImGui</Filter>
    </ClCompile>
    <ClCompile Include="Source Code\Libraries\imgui-1.78\imgui_widgets.cpp">
      <Filter>Sources\Libraries\ImGui</Filter>
    </ClCompile>
    <ClCompile Include="Source Code\Libraries\glew\src\glew.c">
      <Filter>Sources\Libraries\glew</Filter>
    </ClCompile>
    <ClCompile Include="Source Code\Light.cpp">
      <Filter>Sources\Tools\Helpers</Filter>
    </ClCompile>
    <ClCompile Include="Source Code\Primitive.cpp">
      <Filter>Sources\Tools\Helpers</Filter>
    </ClCompile>
    <ClCompile Include="Source Code\Timer.cpp">
      <Filter>Sources\Tools</Filter>
    </ClCompile>
    <ClCompile Include="Source Code\Main.cpp">
      <Filter>Sources</Filter>
    </ClCompile>
    <ClCompile Include="Source Code\Application.cpp">
      <Filter>Sources</Filter>
    </ClCompile>
    <ClCompile Include="Source Code\RandomNumGenerator.cpp">
      <Filter>Sources\Tools</Filter>
    </ClCompile>
    <ClCompile Include="Source Code\glmath.cpp">
      <Filter>Sources\Containers</Filter>
    </ClCompile>
    <ClCompile Include="Source Code\Color.cpp">
      <Filter>Sources\Containers</Filter>
    </ClCompile>
    <ClCompile Include="Source Code\Libraries\MathGeoLib\include\Time\Clock.cpp">
      <Filter>Sources\Libraries\MathGeoLib\Time</Filter>
    </ClCompile>
    <ClCompile Include="Source Code\Libraries\MathGeoLib\include\Algorithm\Random\LCG.cpp">
      <Filter>Sources\Libraries\MathGeoLib\Algorithm</Filter>
    </ClCompile>
    <ClCompile Include="Source Code\Libraries\MathGeoLib\include\Geometry\AABB.cpp">
      <Filter>Sources\Libraries\MathGeoLib\Geometry</Filter>
    </ClCompile>
    <ClCompile Include="Source Code\Libraries\MathGeoLib\include\Geometry\Capsule.cpp">
      <Filter>Sources\Libraries\MathGeoLib\Geometry</Filter>
    </ClCompile>
    <ClCompile Include="Source Code\Libraries\MathGeoLib\include\Geometry\Circle.cpp">
      <Filter>Sources\Libraries\MathGeoLib\Geometry</Filter>
    </ClCompile>
    <ClCompile Include="Source Code\Libraries\MathGeoLib\include\Geometry\Frustum.cpp">
      <Filter>Sources\Libraries\MathGeoLib\Geometry</Filter>
    </ClCompile>
    <ClCompile Include="Source Code\Libraries\MathGeoLib\include\Geometry\Line.cpp">
      <Filter>Sources\Libraries\MathGeoLib\Geometry</Filter>
    </ClCompile>
    <ClCompile Include="Source Code\Libraries\MathGeoLib\include\Geometry\LineSegment.cpp">
      <Filter>Sources\Libraries\MathGeoLib\Geometry</Filter>
    </ClCompile>
    <ClCompile Include="Source Code\Libraries\MathGeoLib\include\Geometry\OBB.cpp">
      <Filter>Sources\Libraries\MathGeoLib\Geometry</Filter>
    </ClCompile>
    <ClCompile Include="Source Code\Libraries\MathGeoLib\include\Geometry\Plane.cpp">
      <Filter>Sources\Libraries\MathGeoLib\Geometry</Filter>
    </ClCompile>
    <ClCompile Include="Source Code\Libraries\MathGeoLib\include\Geometry\Polygon.cpp">
      <Filter>Sources\Libraries\MathGeoLib\Geometry</Filter>
    </ClCompile>
    <ClCompile Include="Source Code\Libraries\MathGeoLib\include\Geometry\Polyhedron.cpp">
      <Filter>Sources\Libraries\MathGeoLib\Geometry</Filter>
    </ClCompile>
    <ClCompile Include="Source Code\Libraries\MathGeoLib\include\Geometry\Ray.cpp">
      <Filter>Sources\Libraries\MathGeoLib\Geometry</Filter>
    </ClCompile>
    <ClCompile Include="Source Code\Libraries\MathGeoLib\include\Geometry\Sphere.cpp">
      <Filter>Sources\Libraries\MathGeoLib\Geometry</Filter>
    </ClCompile>
    <ClCompile Include="Source Code\Libraries\MathGeoLib\include\Geometry\Triangle.cpp">
      <Filter>Sources\Libraries\MathGeoLib\Geometry</Filter>
    </ClCompile>
    <ClCompile Include="Source Code\Libraries\MathGeoLib\include\Geometry\TriangleMesh.cpp">
      <Filter>Sources\Libraries\MathGeoLib\Geometry</Filter>
    </ClCompile>
    <ClCompile Include="Source Code\Libraries\MathGeoLib\include\Math\BitOps.cpp">
      <Filter>Sources\Libraries\MathGeoLib\Math</Filter>
    </ClCompile>
    <ClCompile Include="Source Code\Libraries\MathGeoLib\include\Math\float2.cpp">
      <Filter>Sources\Libraries\MathGeoLib\Math</Filter>
    </ClCompile>
    <ClCompile Include="Source Code\Libraries\MathGeoLib\include\Math\float3.cpp">
      <Filter>Sources\Libraries\MathGeoLib\Math</Filter>
    </ClCompile>
    <ClCompile Include="Source Code\Libraries\MathGeoLib\include\Math\float3x3.cpp">
      <Filter>Sources\Libraries\MathGeoLib\Math</Filter>
    </ClCompile>
    <ClCompile Include="Source Code\Libraries\MathGeoLib\include\Math\float3x4.cpp">
      <Filter>Sources\Libraries\MathGeoLib\Math</Filter>
    </ClCompile>
    <ClCompile Include="Source Code\Libraries\MathGeoLib\include\Math\float4.cpp">
      <Filter>Sources\Libraries\MathGeoLib\Math</Filter>
    </ClCompile>
    <ClCompile Include="Source Code\Libraries\MathGeoLib\include\Math\float4x4.cpp">
      <Filter>Sources\Libraries\MathGeoLib\Math</Filter>
    </ClCompile>
    <ClCompile Include="Source Code\log.cpp">
      <Filter>Sources\Libraries\MathGeoLib\Math</Filter>
    </ClCompile>
    <ClCompile Include="Source Code\Libraries\MathGeoLib\include\Math\MathFunc.cpp">
      <Filter>Sources\Libraries\MathGeoLib\Math</Filter>
    </ClCompile>
    <ClCompile Include="Source Code\Libraries\MathGeoLib\include\Math\MathLog.cpp">
      <Filter>Sources\Libraries\MathGeoLib\Math</Filter>
    </ClCompile>
    <ClCompile Include="Source Code\Libraries\MathGeoLib\include\Math\MathOps.cpp">
      <Filter>Sources\Libraries\MathGeoLib\Math</Filter>
    </ClCompile>
    <ClCompile Include="Source Code\Libraries\MathGeoLib\include\Math\Polynomial.cpp">
      <Filter>Sources\Libraries\MathGeoLib\Math</Filter>
    </ClCompile>
    <ClCompile Include="Source Code\Libraries\MathGeoLib\include\Math\Quat.cpp">
      <Filter>Sources\Libraries\MathGeoLib\Math</Filter>
    </ClCompile>
    <ClCompile Include="Source Code\Libraries\MathGeoLib\include\Math\SSEMath.cpp">
      <Filter>Sources\Libraries\MathGeoLib\Math</Filter>
    </ClCompile>
    <ClCompile Include="Source Code\Libraries\MathGeoLib\include\Math\TransformOps.cpp">
      <Filter>Sources\Libraries\MathGeoLib\Math</Filter>
    </ClCompile>
    <ClCompile Include="Source Code\Libraries\mmgr\mmgr.cpp">
      <Filter>Sources\Libraries\mmgr</Filter>
    </ClCompile>
    <ClCompile Include="Source Code\ComponentCamera.cpp">
      <Filter>Sources\GameObject\Components</Filter>
    </ClCompile>
    <ClCompile Include="Source Code\ModuleTime.cpp">
      <Filter>Sources\Modules</Filter>
    </ClCompile>
    <ClCompile Include="Source Code\Libraries\imgui-1.78\ImGuizmo.cpp">
      <Filter>Sources\Libraries\ImGui</Filter>
    </ClCompile>
    <ClCompile Include="Source Code\PanelResources.cpp">
      <Filter>Sources\Modules\GUI\Panels</Filter>
    </ClCompile>
    <ClCompile Include="Source Code\PanelState.cpp">
      <Filter>Sources\Modules\GUI\Panels</Filter>
    </ClCompile>
    <ClCompile Include="Source Code\Viewport.cpp">
      <Filter>Sources\Modules\GUI</Filter>
    </ClCompile>
    <ClCompile Include="Source Code\PanelGame.cpp">
      <Filter>Sources\Modules\GUI\Panels</Filter>
    </ClCompile>
    <ClCompile Include="Source Code\PanelScene.cpp">
      <Filter>Sources\Modules\GUI\Panels</Filter>
    </ClCompile>
    <ClCompile Include="Source Code\ModuleResources.cpp">
      <Filter>Sources\Modules\Resources</Filter>
    </ClCompile>
    <ClCompile Include="Source Code\ResourceMesh.cpp">
      <Filter>Sources\Modules\Resources</Filter>
    </ClCompile>
    <ClCompile Include="Source Code\ResourceModel.cpp">
      <Filter>Sources\Modules\Resources</Filter>
    </ClCompile>
    <ClCompile Include="Source Code\ResourceTexture.cpp">
      <Filter>Sources\Modules\Resources</Filter>
    </ClCompile>
    <ClCompile Include="Source Code\Resource.cpp">
      <Filter>Sources\Modules\Resources</Filter>
    </ClCompile>
    <ClCompile Include="Source Code\PanelCameraPreview.cpp">
      <Filter>Sources\Modules\GUI\Panels</Filter>
    </ClCompile>
  </ItemGroup>
  <ItemGroup>
    <ResourceCompile Include="TonicEngine.rc" />
  </ItemGroup>
  <ItemGroup>
    <Image Include="Tonic Engine\Game\Assets\iconEngine.ico" />
  </ItemGroup>
  <ItemGroup>
    <None Include="Source Code\Libraries\MathGeoLib\include\Geometry\KDTree.inl">
      <Filter>Sources\Libraries\MathGeoLib\Geometry</Filter>
    </None>
    <None Include="Source Code\Libraries\MathGeoLib\include\Geometry\QuadTree.inl">
      <Filter>Sources\Libraries\MathGeoLib\Geometry</Filter>
    </None>
    <None Include="Source Code\Libraries\MathGeoLib\include\Geometry\TriangleMesh_IntersectRay_AVX.inl">
      <Filter>Sources\Libraries\MathGeoLib\Geometry</Filter>
    </None>
    <None Include="Source Code\Libraries\MathGeoLib\include\Geometry\TriangleMesh_IntersectRay_CPP.inl">
      <Filter>Sources\Libraries\MathGeoLib\Geometry</Filter>
    </None>
    <None Include="Source Code\Libraries\MathGeoLib\include\Geometry\TriangleMesh_IntersectRay_SSE.inl">
      <Filter>Sources\Libraries\MathGeoLib\Geometry</Filter>
    </None>
    <None Include="Source Code\Libraries\MathGeoLib\include\Math\Matrix.inl">
      <Filter>Sources\Libraries\MathGeoLib\Math</Filter>
    </None>
  </ItemGroup>
</Project>