<?xml version="1.0" encoding="utf-8"?>
<Project ToolsVersion="4.0" xmlns="http://schemas.microsoft.com/developer/msbuild/2003">
  <ItemGroup>
    <ClCompile Include="Application.cpp" />
    <ClCompile Include="Color.cpp" />
    <ClCompile Include="glmath.cpp" />
    <ClCompile Include="Light.cpp" />
    <ClCompile Include="log.cpp" />
    <ClCompile Include="Main.cpp" />
    <ClCompile Include="ModuleAudio.cpp" />
    <ClCompile Include="ModuleCamera3D.cpp" />
    <ClCompile Include="ModuleInput.cpp" />
    <ClCompile Include="ModulePhysics3D.cpp" />
    <ClCompile Include="ModuleRenderer3D.cpp" />
    <ClCompile Include="ModuleSceneIntro.cpp" />
    <ClCompile Include="ModuleWindow.cpp" />
    <ClCompile Include="PhysBody3D.cpp" />
    <ClCompile Include="PhysVehicle3D.cpp" />
    <ClCompile Include="Primitive.cpp" />
    <ClCompile Include="Timer.cpp" />
  </ItemGroup>
  <ItemGroup>
    <ClInclude Include="Application.h" />
    <ClInclude Include="Color.h" />
    <ClInclude Include="glmath.h" />
    <ClInclude Include="Globals.h" />
    <ClInclude Include="Light.h" />
    <ClInclude Include="ModuleCamera3D.h" />
    <ClInclude Include="ModulePhysics3D.h" />
    <ClInclude Include="ModuleRenderer3D.h" />
    <ClInclude Include="p2List.h" />
    <ClInclude Include="Module.h" />
    <ClInclude Include="ModuleAudio.h" />
    <ClInclude Include="ModuleInput.h" />
    <ClInclude Include="ModuleSceneIntro.h" />
    <ClInclude Include="ModuleWindow.h" />
    <ClInclude Include="p2DynArray.h" />
    <ClInclude Include="p2Point.h" />
    <ClInclude Include="PhysBody3D.h" />
    <ClInclude Include="PhysVehicle3D.h" />
    <ClInclude Include="Primitive.h" />
    <ClInclude Include="Timer.h" />
  </ItemGroup>
  <ItemGroup>
    <Filter Include="Sources">
      <UniqueIdentifier>{5802ea56-6497-48a7-b503-7fea1c367fc7}</UniqueIdentifier>
    </Filter>
    <Filter Include="Sources\Containers">
      <UniqueIdentifier>{1cb99dd6-7201-4e67-82e0-e9f429145fff}</UniqueIdentifier>
    </Filter>
  </ItemGroup>
</Project>